{
  "name": "investify-tests",
  "version": "1.0.0",
  "lockfileVersion": 2,
  "requires": true,
  "packages": {
    "": {
      "name": "investify-tests",
      "version": "1.0.0",
      "license": "ISC",
      "dependencies": {
        "inversify": "^6.0.1",
        "reflect-metadata": "^0.1.13",
        "typescript": "^4.7.4"
      },
      "devDependencies": {
        "@types/node": "^18.6.3"
      }
    },
    "node_modules/@types/node": {
      "version": "18.6.3",
      "resolved": "https://registry.npmjs.org/@types/node/-/node-18.6.3.tgz",
      "integrity": "sha512-6qKpDtoaYLM+5+AFChLhHermMQxc3TOEFIDzrZLPRGHPrLEwqFkkT5Kx3ju05g6X7uDPazz3jHbKPX0KzCjntg==",
      "dev": true
    },
    "node_modules/inversify": {
      "version": "6.0.1",
      "resolved": "https://registry.npmjs.org/inversify/-/inversify-6.0.1.tgz",
      "integrity": "sha512-B3ex30927698TJENHR++8FfEaJGqoWOgI6ZY5Ht/nLUsFCwHn6akbwtnUAPCgUepAnTpe2qHxhDNjoKLyz6rgQ=="
    },
    "node_modules/reflect-metadata": {
      "version": "0.1.13",
      "resolved": "https://registry.npmjs.org/reflect-metadata/-/reflect-metadata-0.1.13.tgz",
      "integrity": "sha512-Ts1Y/anZELhSsjMcU605fU9RE4Oi3p5ORujwbIKXfWa+0Zxs510Qrmrce5/Jowq3cHSZSJqBjypxmHarc+vEWg=="
    },
    "node_modules/typescript": {
      "version": "4.7.4",
      "resolved": "https://registry.npmjs.org/typescript/-/typescript-4.7.4.tgz",
      "integrity": "sha512-C0WQT0gezHuw6AdY1M2jxUO83Rjf0HP7Sk1DtXj6j1EwkQNZrHAg2XPWlq62oqEhYvONq5pkC2Y9oPljWToLmQ==",
      "bin": {
        "tsc": "bin/tsc",
        "tsserver": "bin/tsserver"
      },
      "engines": {
        "node": ">=4.2.0"
      }
    }
  },
  "dependencies": {
    "@types/node": {
      "version": "18.6.3",
      "resolved": "https://registry.npmjs.org/@types/node/-/node-18.6.3.tgz",
      "integrity": "sha512-6qKpDtoaYLM+5+AFChLhHermMQxc3TOEFIDzrZLPRGHPrLEwqFkkT5Kx3ju05g6X7uDPazz3jHbKPX0KzCjntg==",
      "dev": true
    },
    "inversify": {
      "version": "6.0.1",
      "resolved": "https://registry.npmjs.org/inversify/-/inversify-6.0.1.tgz",
      "integrity": "sha512-B3ex30927698TJENHR++8FfEaJGqoWOgI6ZY5Ht/nLUsFCwHn6akbwtnUAPCgUepAnTpe2qHxhDNjoKLyz6rgQ=="
    },
    "reflect-metadata": {
      "version": "0.1.13",
      "resolved": "https://registry.npmjs.org/reflect-metadata/-/reflect-metadata-0.1.13.tgz",
      "integrity": "sha512-Ts1Y/anZELhSsjMcU605fU9RE4Oi3p5ORujwbIKXfWa+0Zxs510Qrmrce5/Jowq3cHSZSJqBjypxmHarc+vEWg=="
    },
    "typescript": {
      "version": "4.7.4",
      "resolved": "https://registry.npmjs.org/typescript/-/typescript-4.7.4.tgz",
      "integrity": "sha512-C0WQT0gezHuw6AdY1M2jxUO83Rjf0HP7Sk1DtXj6j1EwkQNZrHAg2XPWlq62oqEhYvONq5pkC2Y9oPljWToLmQ=="
    }
  }
}
